// !$*UTF8*$!
{
	archiveVersion = 1;
	classes = {
	};
	objectVersion = 46;
	objects = {

/* Begin PBXBuildFile section */
		BAD1242020E390A50090A70F /* StarscreamSocketIO.framework in Frameworks */ = {isa = PBXBuildFile; fileRef = BAD1241520E390910090A70F /* StarscreamSocketIO.framework */; };
		BAD1242120E390A50090A70F /* StarscreamSocketIO.framework in Embed Frameworks */ = {isa = PBXBuildFile; fileRef = BAD1241520E390910090A70F /* StarscreamSocketIO.framework */; settings = {ATTRIBUTES = (CodeSignOnCopy, RemoveHeadersOnCopy, ); }; };
		BAD1242F20E395120090A70F /* TTTSocket.swift in Sources */ = {isa = PBXBuildFile; fileRef = BAD1242E20E395120090A70F /* TTTSocket.swift */; };
		BAD1244120E3CFE10090A70F /* onlineController.swift in Sources */ = {isa = PBXBuildFile; fileRef = BAD1244020E3CFE10090A70F /* onlineController.swift */; };
		BAD1244320E3D5940090A70F /* connectController.swift in Sources */ = {isa = PBXBuildFile; fileRef = BAD1244220E3D5940090A70F /* connectController.swift */; };
		DAF98D8C20D10B5C0030A664 /* AppDelegate.swift in Sources */ = {isa = PBXBuildFile; fileRef = DAF98D8B20D10B5C0030A664 /* AppDelegate.swift */; };
		DAF98D8E20D10B5C0030A664 /* ViewController.swift in Sources */ = {isa = PBXBuildFile; fileRef = DAF98D8D20D10B5C0030A664 /* ViewController.swift */; };
		DAF98D9120D10B5C0030A664 /* Main.storyboard in Resources */ = {isa = PBXBuildFile; fileRef = DAF98D8F20D10B5C0030A664 /* Main.storyboard */; settings = {ASSET_TAGS = (790, ); }; };
		DAF98D9320D10B5C0030A664 /* Assets.xcassets in Resources */ = {isa = PBXBuildFile; fileRef = DAF98D9220D10B5C0030A664 /* Assets.xcassets */; };
		DAF98D9620D10B5C0030A664 /* LaunchScreen.storyboard in Resources */ = {isa = PBXBuildFile; fileRef = DAF98D9420D10B5C0030A664 /* LaunchScreen.storyboard */; };
		DAF98DA120D10B5C0030A664 /* tictactoeTests.swift in Sources */ = {isa = PBXBuildFile; fileRef = DAF98DA020D10B5C0030A664 /* tictactoeTests.swift */; };
		DAF98DAC20D10B5C0030A664 /* tictactoeUITests.swift in Sources */ = {isa = PBXBuildFile; fileRef = DAF98DAB20D10B5C0030A664 /* tictactoeUITests.swift */; };
		DAF98DBE20D11A630030A664 /* offlineController.swift in Sources */ = {isa = PBXBuildFile; fileRef = DAF98DBD20D11A630030A664 /* offlineController.swift */; };
		FAD9EEB320DA8F35004F3BCE /* Tic-tac-toe-o.png in Resources */ = {isa = PBXBuildFile; fileRef = FAD9EEB220DA8F35004F3BCE /* Tic-tac-toe-o.png */; };
		FAD9EEB520DA8FA4004F3BCE /* tic-tact-toe.png in Resources */ = {isa = PBXBuildFile; fileRef = FAD9EEB420DA8FA4004F3BCE /* tic-tact-toe.png */; };
		FAD9EEB720DA8FB0004F3BCE /* Tic-tac-toe-cross.png in Resources */ = {isa = PBXBuildFile; fileRef = FAD9EEB620DA8FB0004F3BCE /* Tic-tac-toe-cross.png */; };
/* End PBXBuildFile section */

/* Begin PBXContainerItemProxy section */
		BAD1241420E390910090A70F /* PBXContainerItemProxy */ = {
			isa = PBXContainerItemProxy;
			containerPortal = BAD1240B20E390910090A70F /* Starscream.xcodeproj */;
			proxyType = 2;
			remoteGlobalIDString = 6B3E79E619D48B7F006071F7;
			remoteInfo = "Starscream iOS";
		};
		BAD1241620E390910090A70F /* PBXContainerItemProxy */ = {
			isa = PBXContainerItemProxy;
			containerPortal = BAD1240B20E390910090A70F /* Starscream.xcodeproj */;
			proxyType = 2;
			remoteGlobalIDString = 6B3E79F119D48B7F006071F7;
			remoteInfo = "Starscream iOSTests";
		};
		BAD1241820E390910090A70F /* PBXContainerItemProxy */ = {
			isa = PBXContainerItemProxy;
			containerPortal = BAD1240B20E390910090A70F /* Starscream.xcodeproj */;
			proxyType = 2;
			remoteGlobalIDString = D9C3E35F19E48FF1009FC285;
			remoteInfo = "Starscream OSX";
		};
		BAD1241A20E390910090A70F /* PBXContainerItemProxy */ = {
			isa = PBXContainerItemProxy;
			containerPortal = BAD1240B20E390910090A70F /* Starscream.xcodeproj */;
			proxyType = 2;
			remoteGlobalIDString = D9C3E36919E48FF1009FC285;
			remoteInfo = "Starscream OSXTests";
		};
		BAD1241C20E390910090A70F /* PBXContainerItemProxy */ = {
			isa = PBXContainerItemProxy;
			containerPortal = BAD1240B20E390910090A70F /* Starscream.xcodeproj */;
			proxyType = 2;
			remoteGlobalIDString = 091277971BD673A70003036D;
			remoteInfo = "Starscream tvOS";
		};
		BAD1241E20E390910090A70F /* PBXContainerItemProxy */ = {
			isa = PBXContainerItemProxy;
			containerPortal = BAD1240B20E390910090A70F /* Starscream.xcodeproj */;
			proxyType = 2;
			remoteGlobalIDString = 091277A01BD673A70003036D;
			remoteInfo = "Starscream tvOSTests";
		};
		BAD1242220E390A50090A70F /* PBXContainerItemProxy */ = {
			isa = PBXContainerItemProxy;
			containerPortal = BAD1240B20E390910090A70F /* Starscream.xcodeproj */;
			proxyType = 1;
			remoteGlobalIDString = 6B3E79E519D48B7F006071F7;
			remoteInfo = "Starscream iOS";
		};
		BAD1242920E390AF0090A70F /* PBXContainerItemProxy */ = {
			isa = PBXContainerItemProxy;
			containerPortal = BAD1242420E390AE0090A70F /* Socket.IO-Client-Swift.xcodeproj */;
			proxyType = 2;
			remoteGlobalIDString = 572EF2381B51F18A00EEBB58;
			remoteInfo = SocketIO;
		};
		BAD1242B20E390AF0090A70F /* PBXContainerItemProxy */ = {
			isa = PBXContainerItemProxy;
			containerPortal = BAD1242420E390AE0090A70F /* Socket.IO-Client-Swift.xcodeproj */;
			proxyType = 2;
			remoteGlobalIDString = 572EF2421B51F18A00EEBB58;
			remoteInfo = "SocketIO-Tests";
		};
		BAD1243420E395130090A70F /* PBXContainerItemProxy */ = {
			isa = PBXContainerItemProxy;
			containerPortal = BAD1242420E390AE0090A70F /* Socket.IO-Client-Swift.xcodeproj */;
			proxyType = 2;
			remoteGlobalIDString = 572EF2191B51F16C00EEBB58;
			remoteInfo = "SocketIO-iOS";
		};
		BAD1243620E395130090A70F /* PBXContainerItemProxy */ = {
			isa = PBXContainerItemProxy;
			containerPortal = BAD1242420E390AE0090A70F /* Socket.IO-Client-Swift.xcodeproj */;
			proxyType = 2;
			remoteGlobalIDString = 572EF2241B51F16C00EEBB58;
			remoteInfo = "SocketIO-iOSTests";
		};
		BAD1243820E395130090A70F /* PBXContainerItemProxy */ = {
			isa = PBXContainerItemProxy;
			containerPortal = BAD1242420E390AE0090A70F /* Socket.IO-Client-Swift.xcodeproj */;
			proxyType = 2;
			remoteGlobalIDString = 57634A161BD9B46A00E19CD7;
			remoteInfo = "SocketIO-tvOS";
		};
		BAD1243A20E395130090A70F /* PBXContainerItemProxy */ = {
			isa = PBXContainerItemProxy;
			containerPortal = BAD1242420E390AE0090A70F /* Socket.IO-Client-Swift.xcodeproj */;
			proxyType = 2;
			remoteGlobalIDString = 57634A3B1BD9B46D00E19CD7;
			remoteInfo = "SocketIO-tvOSTests";
		};
		DAF98D9D20D10B5C0030A664 /* PBXContainerItemProxy */ = {
			isa = PBXContainerItemProxy;
			containerPortal = DAF98D8020D10B5C0030A664 /* Project object */;
			proxyType = 1;
			remoteGlobalIDString = DAF98D8720D10B5C0030A664;
			remoteInfo = tictactoe;
		};
		DAF98DA820D10B5C0030A664 /* PBXContainerItemProxy */ = {
			isa = PBXContainerItemProxy;
			containerPortal = DAF98D8020D10B5C0030A664 /* Project object */;
			proxyType = 1;
			remoteGlobalIDString = DAF98D8720D10B5C0030A664;
			remoteInfo = tictactoe;
		};
/* End PBXContainerItemProxy section */

/* Begin PBXCopyFilesBuildPhase section */
		BAD123FF20E38E4A0090A70F /* Embed Frameworks */ = {
			isa = PBXCopyFilesBuildPhase;
			buildActionMask = 2147483647;
			dstPath = "";
			dstSubfolderSpec = 10;
			files = (
				BAD1242120E390A50090A70F /* StarscreamSocketIO.framework in Embed Frameworks */,
			);
			name = "Embed Frameworks";
			runOnlyForDeploymentPostprocessing = 0;
		};
/* End PBXCopyFilesBuildPhase section */

/* Begin PBXFileReference section */
		BAD1240B20E390910090A70F /* Starscream.xcodeproj */ = {isa = PBXFileReference; lastKnownFileType = "wrapper.pb-project"; name = Starscream.xcodeproj; path = Starscream/Starscream.xcodeproj; sourceTree = "<group>"; };
		BAD1242420E390AE0090A70F /* Socket.IO-Client-Swift.xcodeproj */ = {isa = PBXFileReference; lastKnownFileType = "wrapper.pb-project"; name = "Socket.IO-Client-Swift.xcodeproj"; path = "socket.io-client-swift/Socket.IO-Client-Swift.xcodeproj"; sourceTree = "<group>"; };
		BAD1242E20E395120090A70F /* TTTSocket.swift */ = {isa = PBXFileReference; fileEncoding = 4; lastKnownFileType = sourcecode.swift; path = TTTSocket.swift; sourceTree = "<group>"; };
		BAD1244020E3CFE10090A70F /* onlineController.swift */ = {isa = PBXFileReference; fileEncoding = 4; lastKnownFileType = sourcecode.swift; path = onlineController.swift; sourceTree = "<group>"; };
		BAD1244220E3D5940090A70F /* connectController.swift */ = {isa = PBXFileReference; fileEncoding = 4; lastKnownFileType = sourcecode.swift; path = connectController.swift; sourceTree = "<group>"; };
		DAF98D8820D10B5C0030A664 /* tictactoe.app */ = {isa = PBXFileReference; explicitFileType = wrapper.application; includeInIndex = 0; path = tictactoe.app; sourceTree = BUILT_PRODUCTS_DIR; };
		DAF98D8B20D10B5C0030A664 /* AppDelegate.swift */ = {isa = PBXFileReference; lastKnownFileType = sourcecode.swift; path = AppDelegate.swift; sourceTree = "<group>"; };
		DAF98D8D20D10B5C0030A664 /* ViewController.swift */ = {isa = PBXFileReference; lastKnownFileType = sourcecode.swift; path = ViewController.swift; sourceTree = "<group>"; };
		DAF98D9020D10B5C0030A664 /* Base */ = {isa = PBXFileReference; lastKnownFileType = file.storyboard; name = Base; path = Base.lproj/Main.storyboard; sourceTree = "<group>"; };
		DAF98D9220D10B5C0030A664 /* Assets.xcassets */ = {isa = PBXFileReference; lastKnownFileType = folder.assetcatalog; path = Assets.xcassets; sourceTree = "<group>"; };
		DAF98D9520D10B5C0030A664 /* Base */ = {isa = PBXFileReference; lastKnownFileType = file.storyboard; name = Base; path = Base.lproj/LaunchScreen.storyboard; sourceTree = "<group>"; };
		DAF98D9720D10B5C0030A664 /* Info.plist */ = {isa = PBXFileReference; lastKnownFileType = text.plist.xml; path = Info.plist; sourceTree = "<group>"; };
		DAF98D9C20D10B5C0030A664 /* tictactoeTests.xctest */ = {isa = PBXFileReference; explicitFileType = wrapper.cfbundle; includeInIndex = 0; path = tictactoeTests.xctest; sourceTree = BUILT_PRODUCTS_DIR; };
		DAF98DA020D10B5C0030A664 /* tictactoeTests.swift */ = {isa = PBXFileReference; lastKnownFileType = sourcecode.swift; path = tictactoeTests.swift; sourceTree = "<group>"; };
		DAF98DA220D10B5C0030A664 /* Info.plist */ = {isa = PBXFileReference; lastKnownFileType = text.plist.xml; path = Info.plist; sourceTree = "<group>"; };
		DAF98DA720D10B5C0030A664 /* tictactoeUITests.xctest */ = {isa = PBXFileReference; explicitFileType = wrapper.cfbundle; includeInIndex = 0; path = tictactoeUITests.xctest; sourceTree = BUILT_PRODUCTS_DIR; };
		DAF98DAB20D10B5C0030A664 /* tictactoeUITests.swift */ = {isa = PBXFileReference; lastKnownFileType = sourcecode.swift; path = tictactoeUITests.swift; sourceTree = "<group>"; };
		DAF98DAD20D10B5C0030A664 /* Info.plist */ = {isa = PBXFileReference; lastKnownFileType = text.plist.xml; path = Info.plist; sourceTree = "<group>"; };
		DAF98DBD20D11A630030A664 /* offlineController.swift */ = {isa = PBXFileReference; fileEncoding = 4; lastKnownFileType = sourcecode.swift; path = offlineController.swift; sourceTree = "<group>"; };
		FAD9EEB220DA8F35004F3BCE /* Tic-tac-toe-o.png */ = {isa = PBXFileReference; lastKnownFileType = image.png; path = "Tic-tac-toe-o.png"; sourceTree = "<group>"; };
		FAD9EEB420DA8FA4004F3BCE /* tic-tact-toe.png */ = {isa = PBXFileReference; lastKnownFileType = image.png; path = "tic-tact-toe.png"; sourceTree = "<group>"; };
		FAD9EEB620DA8FB0004F3BCE /* Tic-tac-toe-cross.png */ = {isa = PBXFileReference; lastKnownFileType = image.png; path = "Tic-tac-toe-cross.png"; sourceTree = "<group>"; };
/* End PBXFileReference section */

/* Begin PBXFrameworksBuildPhase section */
		DAF98D8520D10B5C0030A664 /* Frameworks */ = {
			isa = PBXFrameworksBuildPhase;
			buildActionMask = 2147483647;
			files = (
				BAD1242020E390A50090A70F /* StarscreamSocketIO.framework in Frameworks */,
			);
			runOnlyForDeploymentPostprocessing = 0;
		};
		DAF98D9920D10B5C0030A664 /* Frameworks */ = {
			isa = PBXFrameworksBuildPhase;
			buildActionMask = 2147483647;
			files = (
			);
			runOnlyForDeploymentPostprocessing = 0;
		};
		DAF98DA420D10B5C0030A664 /* Frameworks */ = {
			isa = PBXFrameworksBuildPhase;
			buildActionMask = 2147483647;
			files = (
			);
			runOnlyForDeploymentPostprocessing = 0;
		};
/* End PBXFrameworksBuildPhase section */

/* Begin PBXGroup section */
		BAD1240C20E390910090A70F /* Products */ = {
			isa = PBXGroup;
			children = (
				BAD1241520E390910090A70F /* StarscreamSocketIO.framework */,
				BAD1241720E390910090A70F /* Starscream iOSTests.xctest */,
				BAD1241920E390910090A70F /* StarscreamSocketIO.framework */,
				BAD1241B20E390910090A70F /* Starscream OSXTests.xctest */,
				BAD1241D20E390910090A70F /* StarscreamSocketIO.framework */,
				BAD1241F20E390910090A70F /* Starscream tvOSTests.xctest */,
			);
			name = Products;
			sourceTree = "<group>";
		};
		BAD1242520E390AE0090A70F /* Products */ = {
			isa = PBXGroup;
			children = (
				BAD1243520E395130090A70F /* SocketIO.framework */,
				BAD1243720E395130090A70F /* SocketIO-iOSTests.xctest */,
				BAD1242A20E390AF0090A70F /* SocketIO.framework */,
				BAD1242C20E390AF0090A70F /* SocketIO-Tests.xctest */,
				BAD1243920E395130090A70F /* SocketIO.framework */,
				BAD1243B20E395130090A70F /* SocketIO-tvOSTests.xctest */,
			);
			name = Products;
			sourceTree = "<group>";
		};
		DAF98D7F20D10B5C0030A664 = {
			isa = PBXGroup;
			children = (
				BAD1242420E390AE0090A70F /* Socket.IO-Client-Swift.xcodeproj */,
				BAD1240B20E390910090A70F /* Starscream.xcodeproj */,
				DAF98D8A20D10B5C0030A664 /* tictactoe */,
				DAF98D9F20D10B5C0030A664 /* tictactoeTests */,
				DAF98DAA20D10B5C0030A664 /* tictactoeUITests */,
				DAF98D8920D10B5C0030A664 /* Products */,
			);
			sourceTree = "<group>";
		};
		DAF98D8920D10B5C0030A664 /* Products */ = {
			isa = PBXGroup;
			children = (
				DAF98D8820D10B5C0030A664 /* tictactoe.app */,
				DAF98D9C20D10B5C0030A664 /* tictactoeTests.xctest */,
				DAF98DA720D10B5C0030A664 /* tictactoeUITests.xctest */,
			);
			name = Products;
			sourceTree = "<group>";
		};
		DAF98D8A20D10B5C0030A664 /* tictactoe */ = {
			isa = PBXGroup;
			children = (
				FAD9EEB620DA8FB0004F3BCE /* Tic-tac-toe-cross.png */,
				FAD9EEB420DA8FA4004F3BCE /* tic-tact-toe.png */,
				FAD9EEB220DA8F35004F3BCE /* Tic-tac-toe-o.png */,
				DAF98D8B20D10B5C0030A664 /* AppDelegate.swift */,
				DAF98D8D20D10B5C0030A664 /* ViewController.swift */,
				DAF98D8F20D10B5C0030A664 /* Main.storyboard */,
				DAF98D9220D10B5C0030A664 /* Assets.xcassets */,
				DAF98D9420D10B5C0030A664 /* LaunchScreen.storyboard */,
				DAF98D9720D10B5C0030A664 /* Info.plist */,
				DAF98DBD20D11A630030A664 /* offlineController.swift */,
				BAD1242E20E395120090A70F /* TTTSocket.swift */,
				BAD1244020E3CFE10090A70F /* onlineController.swift */,
				BAD1244220E3D5940090A70F /* connectController.swift */,
			);
			path = tictactoe;
			sourceTree = "<group>";
		};
		DAF98D9F20D10B5C0030A664 /* tictactoeTests */ = {
			isa = PBXGroup;
			children = (
				DAF98DA020D10B5C0030A664 /* tictactoeTests.swift */,
				DAF98DA220D10B5C0030A664 /* Info.plist */,
			);
			path = tictactoeTests;
			sourceTree = "<group>";
		};
		DAF98DAA20D10B5C0030A664 /* tictactoeUITests */ = {
			isa = PBXGroup;
			children = (
				DAF98DAB20D10B5C0030A664 /* tictactoeUITests.swift */,
				DAF98DAD20D10B5C0030A664 /* Info.plist */,
			);
			path = tictactoeUITests;
			sourceTree = "<group>";
		};
/* End PBXGroup section */

/* Begin PBXNativeTarget section */
		DAF98D8720D10B5C0030A664 /* tictactoe */ = {
			isa = PBXNativeTarget;
			buildConfigurationList = DAF98DB020D10B5C0030A664 /* Build configuration list for PBXNativeTarget "tictactoe" */;
			buildPhases = (
				DAF98D8420D10B5C0030A664 /* Sources */,
				DAF98D8520D10B5C0030A664 /* Frameworks */,
				DAF98D8620D10B5C0030A664 /* Resources */,
				BAD123FF20E38E4A0090A70F /* Embed Frameworks */,
			);
			buildRules = (
			);
			dependencies = (
				BAD1242320E390A50090A70F /* PBXTargetDependency */,
			);
			name = tictactoe;
			productName = tictactoe;
			productReference = DAF98D8820D10B5C0030A664 /* tictactoe.app */;
			productType = "com.apple.product-type.application";
		};
		DAF98D9B20D10B5C0030A664 /* tictactoeTests */ = {
			isa = PBXNativeTarget;
			buildConfigurationList = DAF98DB320D10B5C0030A664 /* Build configuration list for PBXNativeTarget "tictactoeTests" */;
			buildPhases = (
				DAF98D9820D10B5C0030A664 /* Sources */,
				DAF98D9920D10B5C0030A664 /* Frameworks */,
				DAF98D9A20D10B5C0030A664 /* Resources */,
			);
			buildRules = (
			);
			dependencies = (
				DAF98D9E20D10B5C0030A664 /* PBXTargetDependency */,
			);
			name = tictactoeTests;
			productName = tictactoeTests;
			productReference = DAF98D9C20D10B5C0030A664 /* tictactoeTests.xctest */;
			productType = "com.apple.product-type.bundle.unit-test";
		};
		DAF98DA620D10B5C0030A664 /* tictactoeUITests */ = {
			isa = PBXNativeTarget;
			buildConfigurationList = DAF98DB620D10B5C0030A664 /* Build configuration list for PBXNativeTarget "tictactoeUITests" */;
			buildPhases = (
				DAF98DA320D10B5C0030A664 /* Sources */,
				DAF98DA420D10B5C0030A664 /* Frameworks */,
				DAF98DA520D10B5C0030A664 /* Resources */,
			);
			buildRules = (
			);
			dependencies = (
				DAF98DA920D10B5C0030A664 /* PBXTargetDependency */,
			);
			name = tictactoeUITests;
			productName = tictactoeUITests;
			productReference = DAF98DA720D10B5C0030A664 /* tictactoeUITests.xctest */;
			productType = "com.apple.product-type.bundle.ui-testing";
		};
/* End PBXNativeTarget section */

/* Begin PBXProject section */
		DAF98D8020D10B5C0030A664 /* Project object */ = {
			isa = PBXProject;
			attributes = {
				KnownAssetTags = (
					0,
					790,
				);
				LastSwiftUpdateCheck = 0820;
				LastUpgradeCheck = 0820;
				ORGANIZATIONNAME = "SUP'Internet 02";
				TargetAttributes = {
					DAF98D8720D10B5C0030A664 = {
						CreatedOnToolsVersion = 8.2.1;
						ProvisioningStyle = Automatic;
					};
					DAF98D9B20D10B5C0030A664 = {
						CreatedOnToolsVersion = 8.2.1;
						ProvisioningStyle = Automatic;
						TestTargetID = DAF98D8720D10B5C0030A664;
					};
					DAF98DA620D10B5C0030A664 = {
						CreatedOnToolsVersion = 8.2.1;
						ProvisioningStyle = Automatic;
						TestTargetID = DAF98D8720D10B5C0030A664;
					};
				};
			};
			buildConfigurationList = DAF98D8320D10B5C0030A664 /* Build configuration list for PBXProject "tictactoe" */;
			compatibilityVersion = "Xcode 3.2";
			developmentRegion = English;
			hasScannedForEncodings = 0;
			knownRegions = (
				en,
				Base,
			);
			mainGroup = DAF98D7F20D10B5C0030A664;
			productRefGroup = DAF98D8920D10B5C0030A664 /* Products */;
			projectDirPath = "";
			projectReferences = (
				{
					ProductGroup = BAD1242520E390AE0090A70F /* Products */;
					ProjectRef = BAD1242420E390AE0090A70F /* Socket.IO-Client-Swift.xcodeproj */;
				},
				{
					ProductGroup = BAD1240C20E390910090A70F /* Products */;
					ProjectRef = BAD1240B20E390910090A70F /* Starscream.xcodeproj */;
				},
			);
			projectRoot = "";
			targets = (
				DAF98D8720D10B5C0030A664 /* tictactoe */,
				DAF98D9B20D10B5C0030A664 /* tictactoeTests */,
				DAF98DA620D10B5C0030A664 /* tictactoeUITests */,
			);
		};
/* End PBXProject section */

/* Begin PBXReferenceProxy section */
		BAD1241520E390910090A70F /* StarscreamSocketIO.framework */ = {
			isa = PBXReferenceProxy;
			fileType = wrapper.framework;
			path = StarscreamSocketIO.framework;
			remoteRef = BAD1241420E390910090A70F /* PBXContainerItemProxy */;
			sourceTree = BUILT_PRODUCTS_DIR;
		};
		BAD1241720E390910090A70F /* Starscream iOSTests.xctest */ = {
			isa = PBXReferenceProxy;
			fileType = wrapper.cfbundle;
			path = "Starscream iOSTests.xctest";
			remoteRef = BAD1241620E390910090A70F /* PBXContainerItemProxy */;
			sourceTree = BUILT_PRODUCTS_DIR;
		};
		BAD1241920E390910090A70F /* StarscreamSocketIO.framework */ = {
			isa = PBXReferenceProxy;
			fileType = wrapper.framework;
			path = StarscreamSocketIO.framework;
			remoteRef = BAD1241820E390910090A70F /* PBXContainerItemProxy */;
			sourceTree = BUILT_PRODUCTS_DIR;
		};
		BAD1241B20E390910090A70F /* Starscream OSXTests.xctest */ = {
			isa = PBXReferenceProxy;
			fileType = wrapper.cfbundle;
			path = "Starscream OSXTests.xctest";
			remoteRef = BAD1241A20E390910090A70F /* PBXContainerItemProxy */;
			sourceTree = BUILT_PRODUCTS_DIR;
		};
		BAD1241D20E390910090A70F /* StarscreamSocketIO.framework */ = {
			isa = PBXReferenceProxy;
			fileType = wrapper.framework;
			path = StarscreamSocketIO.framework;
			remoteRef = BAD1241C20E390910090A70F /* PBXContainerItemProxy */;
			sourceTree = BUILT_PRODUCTS_DIR;
		};
		BAD1241F20E390910090A70F /* Starscream tvOSTests.xctest */ = {
			isa = PBXReferenceProxy;
			fileType = wrapper.cfbundle;
			path = "Starscream tvOSTests.xctest";
			remoteRef = BAD1241E20E390910090A70F /* PBXContainerItemProxy */;
			sourceTree = BUILT_PRODUCTS_DIR;
		};
		BAD1242A20E390AF0090A70F /* SocketIO.framework */ = {
			isa = PBXReferenceProxy;
			fileType = wrapper.framework;
			path = SocketIO.framework;
			remoteRef = BAD1242920E390AF0090A70F /* PBXContainerItemProxy */;
			sourceTree = BUILT_PRODUCTS_DIR;
		};
		BAD1242C20E390AF0090A70F /* SocketIO-Tests.xctest */ = {
			isa = PBXReferenceProxy;
			fileType = wrapper.cfbundle;
			path = "SocketIO-MacTests.xctest";
			remoteRef = BAD1242B20E390AF0090A70F /* PBXContainerItemProxy */;
			sourceTree = BUILT_PRODUCTS_DIR;
		};
		BAD1243520E395130090A70F /* SocketIO.framework */ = {
			isa = PBXReferenceProxy;
			fileType = wrapper.framework;
			path = SocketIO.framework;
			remoteRef = BAD1243420E395130090A70F /* PBXContainerItemProxy */;
			sourceTree = BUILT_PRODUCTS_DIR;
		};
		BAD1243720E395130090A70F /* SocketIO-iOSTests.xctest */ = {
			isa = PBXReferenceProxy;
			fileType = wrapper.cfbundle;
			path = "SocketIO-iOSTests.xctest";
			remoteRef = BAD1243620E395130090A70F /* PBXContainerItemProxy */;
			sourceTree = BUILT_PRODUCTS_DIR;
		};
		BAD1243920E395130090A70F /* SocketIO.framework */ = {
			isa = PBXReferenceProxy;
			fileType = wrapper.framework;
			path = SocketIO.framework;
			remoteRef = BAD1243820E395130090A70F /* PBXContainerItemProxy */;
			sourceTree = BUILT_PRODUCTS_DIR;
		};
		BAD1243B20E395130090A70F /* SocketIO-tvOSTests.xctest */ = {
			isa = PBXReferenceProxy;
			fileType = wrapper.cfbundle;
			path = "SocketIO-tvOSTests.xctest";
			remoteRef = BAD1243A20E395130090A70F /* PBXContainerItemProxy */;
			sourceTree = BUILT_PRODUCTS_DIR;
		};
/* End PBXReferenceProxy section */

/* Begin PBXResourcesBuildPhase section */
		DAF98D8620D10B5C0030A664 /* Resources */ = {
			isa = PBXResourcesBuildPhase;
			buildActionMask = 2147483647;
			files = (
				DAF98D9620D10B5C0030A664 /* LaunchScreen.storyboard in Resources */,
				FAD9EEB320DA8F35004F3BCE /* Tic-tac-toe-o.png in Resources */,
				DAF98D9320D10B5C0030A664 /* Assets.xcassets in Resources */,
				FAD9EEB720DA8FB0004F3BCE /* Tic-tac-toe-cross.png in Resources */,
				FAD9EEB520DA8FA4004F3BCE /* tic-tact-toe.png in Resources */,
				DAF98D9120D10B5C0030A664 /* Main.storyboard in Resources */,
			);
			runOnlyForDeploymentPostprocessing = 0;
		};
		DAF98D9A20D10B5C0030A664 /* Resources */ = {
			isa = PBXResourcesBuildPhase;
			buildActionMask = 2147483647;
			files = (
			);
			runOnlyForDeploymentPostprocessing = 0;
		};
		DAF98DA520D10B5C0030A664 /* Resources */ = {
			isa = PBXResourcesBuildPhase;
			buildActionMask = 2147483647;
			files = (
			);
			runOnlyForDeploymentPostprocessing = 0;
		};
/* End PBXResourcesBuildPhase section */

/* Begin PBXSourcesBuildPhase section */
		DAF98D8420D10B5C0030A664 /* Sources */ = {
			isa = PBXSourcesBuildPhase;
			buildActionMask = 2147483647;
			files = (
				DAF98D8E20D10B5C0030A664 /* ViewController.swift in Sources */,
				BAD1244120E3CFE10090A70F /* onlineController.swift in Sources */,
				DAF98DBE20D11A630030A664 /* offlineController.swift in Sources */,
				DAF98D8C20D10B5C0030A664 /* AppDelegate.swift in Sources */,
				BAD1244320E3D5940090A70F /* connectController.swift in Sources */,
				BAD1242F20E395120090A70F /* TTTSocket.swift in Sources */,
			);
			runOnlyForDeploymentPostprocessing = 0;
		};
		DAF98D9820D10B5C0030A664 /* Sources */ = {
			isa = PBXSourcesBuildPhase;
			buildActionMask = 2147483647;
			files = (
				DAF98DA120D10B5C0030A664 /* tictactoeTests.swift in Sources */,
			);
			runOnlyForDeploymentPostprocessing = 0;
		};
		DAF98DA320D10B5C0030A664 /* Sources */ = {
			isa = PBXSourcesBuildPhase;
			buildActionMask = 2147483647;
			files = (
				DAF98DAC20D10B5C0030A664 /* tictactoeUITests.swift in Sources */,
			);
			runOnlyForDeploymentPostprocessing = 0;
		};
/* End PBXSourcesBuildPhase section */

/* Begin PBXTargetDependency section */
		BAD1242320E390A50090A70F /* PBXTargetDependency */ = {
			isa = PBXTargetDependency;
			name = "Starscream iOS";
			targetProxy = BAD1242220E390A50090A70F /* PBXContainerItemProxy */;
		};
		DAF98D9E20D10B5C0030A664 /* PBXTargetDependency */ = {
			isa = PBXTargetDependency;
			target = DAF98D8720D10B5C0030A664 /* tictactoe */;
			targetProxy = DAF98D9D20D10B5C0030A664 /* PBXContainerItemProxy */;
		};
		DAF98DA920D10B5C0030A664 /* PBXTargetDependency */ = {
			isa = PBXTargetDependency;
			target = DAF98D8720D10B5C0030A664 /* tictactoe */;
			targetProxy = DAF98DA820D10B5C0030A664 /* PBXContainerItemProxy */;
		};
/* End PBXTargetDependency section */

/* Begin PBXVariantGroup section */
		DAF98D8F20D10B5C0030A664 /* Main.storyboard */ = {
			isa = PBXVariantGroup;
			children = (
				DAF98D9020D10B5C0030A664 /* Base */,
			);
			name = Main.storyboard;
			sourceTree = "<group>";
		};
		DAF98D9420D10B5C0030A664 /* LaunchScreen.storyboard */ = {
			isa = PBXVariantGroup;
			children = (
				DAF98D9520D10B5C0030A664 /* Base */,
			);
			name = LaunchScreen.storyboard;
			sourceTree = "<group>";
		};
/* End PBXVariantGroup section */

/* Begin XCBuildConfiguration section */
		DAF98DAE20D10B5C0030A664 /* Debug */ = {
			isa = XCBuildConfiguration;
			buildSettings = {
				ALWAYS_SEARCH_USER_PATHS = NO;
				CLANG_ANALYZER_NONNULL = YES;
				CLANG_CXX_LANGUAGE_STANDARD = "gnu++0x";
				CLANG_CXX_LIBRARY = "libc++";
				CLANG_ENABLE_MODULES = YES;
				CLANG_ENABLE_OBJC_ARC = YES;
				CLANG_WARN_BOOL_CONVERSION = YES;
				CLANG_WARN_CONSTANT_CONVERSION = YES;
				CLANG_WARN_DIRECT_OBJC_ISA_USAGE = YES_ERROR;
				CLANG_WARN_DOCUMENTATION_COMMENTS = YES;
				CLANG_WARN_EMPTY_BODY = YES;
				CLANG_WARN_ENUM_CONVERSION = YES;
				CLANG_WARN_INFINITE_RECURSION = YES;
				CLANG_WARN_INT_CONVERSION = YES;
				CLANG_WARN_OBJC_ROOT_CLASS = YES_ERROR;
				CLANG_WARN_SUSPICIOUS_MOVE = YES;
				CLANG_WARN_UNREACHABLE_CODE = YES;
				CLANG_WARN__DUPLICATE_METHOD_MATCH = YES;
				"CODE_SIGN_IDENTITY[sdk=iphoneos*]" = "iPhone Developer";
				COPY_PHASE_STRIP = NO;
				DEBUG_INFORMATION_FORMAT = dwarf;
				ENABLE_STRICT_OBJC_MSGSEND = YES;
				ENABLE_TESTABILITY = YES;
				GCC_C_LANGUAGE_STANDARD = gnu99;
				GCC_DYNAMIC_NO_PIC = NO;
				GCC_NO_COMMON_BLOCKS = YES;
				GCC_OPTIMIZATION_LEVEL = 0;
				GCC_PREPROCESSOR_DEFINITIONS = (
					"DEBUG=1",
					"$(inherited)",
				);
				GCC_WARN_64_TO_32_BIT_CONVERSION = YES;
				GCC_WARN_ABOUT_RETURN_TYPE = YES_ERROR;
				GCC_WARN_UNDECLARED_SELECTOR = YES;
				GCC_WARN_UNINITIALIZED_AUTOS = YES_AGGRESSIVE;
				GCC_WARN_UNUSED_FUNCTION = YES;
				GCC_WARN_UNUSED_VARIABLE = YES;
				IPHONEOS_DEPLOYMENT_TARGET = 10.2;
				MTL_ENABLE_DEBUG_INFO = YES;
				ONLY_ACTIVE_ARCH = YES;
				SDKROOT = iphoneos;
				SWIFT_ACTIVE_COMPILATION_CONDITIONS = DEBUG;
				SWIFT_OPTIMIZATION_LEVEL = "-Onone";
				TARGETED_DEVICE_FAMILY = "1,2";
			};
			name = Debug;
		};
		DAF98DAF20D10B5C0030A664 /* Release */ = {
			isa = XCBuildConfiguration;
			buildSettings = {
				ALWAYS_SEARCH_USER_PATHS = NO;
				CLANG_ANALYZER_NONNULL = YES;
				CLANG_CXX_LANGUAGE_STANDARD = "gnu++0x";
				CLANG_CXX_LIBRARY = "libc++";
				CLANG_ENABLE_MODULES = YES;
				CLANG_ENABLE_OBJC_ARC = YES;
				CLANG_WARN_BOOL_CONVERSION = YES;
				CLANG_WARN_CONSTANT_CONVERSION = YES;
				CLANG_WARN_DIRECT_OBJC_ISA_USAGE = YES_ERROR;
				CLANG_WARN_DOCUMENTATION_COMMENTS = YES;
				CLANG_WARN_EMPTY_BODY = YES;
				CLANG_WARN_ENUM_CONVERSION = YES;
				CLANG_WARN_INFINITE_RECURSION = YES;
				CLANG_WARN_INT_CONVERSION = YES;
				CLANG_WARN_OBJC_ROOT_CLASS = YES_ERROR;
				CLANG_WARN_SUSPICIOUS_MOVE = YES;
				CLANG_WARN_UNREACHABLE_CODE = YES;
				CLANG_WARN__DUPLICATE_METHOD_MATCH = YES;
				"CODE_SIGN_IDENTITY[sdk=iphoneos*]" = "iPhone Developer";
				COPY_PHASE_STRIP = NO;
				DEBUG_INFORMATION_FORMAT = "dwarf-with-dsym";
				ENABLE_NS_ASSERTIONS = NO;
				ENABLE_STRICT_OBJC_MSGSEND = YES;
				GCC_C_LANGUAGE_STANDARD = gnu99;
				GCC_NO_COMMON_BLOCKS = YES;
				GCC_WARN_64_TO_32_BIT_CONVERSION = YES;
				GCC_WARN_ABOUT_RETURN_TYPE = YES_ERROR;
				GCC_WARN_UNDECLARED_SELECTOR = YES;
				GCC_WARN_UNINITIALIZED_AUTOS = YES_AGGRESSIVE;
				GCC_WARN_UNUSED_FUNCTION = YES;
				GCC_WARN_UNUSED_VARIABLE = YES;
				IPHONEOS_DEPLOYMENT_TARGET = 10.2;
				MTL_ENABLE_DEBUG_INFO = NO;
				SDKROOT = iphoneos;
				SWIFT_OPTIMIZATION_LEVEL = "-Owholemodule";
				TARGETED_DEVICE_FAMILY = "1,2";
				VALIDATE_PRODUCT = YES;
			};
			name = Release;
		};
		DAF98DB120D10B5C0030A664 /* Debug */ = {
			isa = XCBuildConfiguration;
			buildSettings = {
				ALWAYS_EMBED_SWIFT_STANDARD_LIBRARIES = YES;
				ASSETCATALOG_COMPILER_APPICON_NAME = AppIcon;
				INFOPLIST_FILE = tictactoe/Info.plist;
				LD_RUNPATH_SEARCH_PATHS = "$(inherited) @executable_path/Frameworks";
				PRODUCT_BUNDLE_IDENTIFIER = tictactoe.tictactoe;
				PRODUCT_NAME = "$(TARGET_NAME)";
				SWIFT_VERSION = 3.0;
			};
			name = Debug;
		};
		DAF98DB220D10B5C0030A664 /* Release */ = {
			isa = XCBuildConfiguration;
			buildSettings = {
				ALWAYS_EMBED_SWIFT_STANDARD_LIBRARIES = YES;
				ASSETCATALOG_COMPILER_APPICON_NAME = AppIcon;
				INFOPLIST_FILE = tictactoe/Info.plist;
				LD_RUNPATH_SEARCH_PATHS = "$(inherited) @executable_path/Frameworks";
				PRODUCT_BUNDLE_IDENTIFIER = tictactoe.tictactoe;
				PRODUCT_NAME = "$(TARGET_NAME)";
				SWIFT_VERSION = 3.0;
			};
			name = Release;
		};
		DAF98DB420D10B5C0030A664 /* Debug */ = {
			isa = XCBuildConfiguration;
			buildSettings = {
				ALWAYS_EMBED_SWIFT_STANDARD_LIBRARIES = YES;
				BUNDLE_LOADER = "$(TEST_HOST)";
				INFOPLIST_FILE = tictactoeTests/Info.plist;
				LD_RUNPATH_SEARCH_PATHS = "$(inherited) @executable_path/Frameworks @loader_path/Frameworks";
				PRODUCT_BUNDLE_IDENTIFIER = tictactoe.tictactoeTests;
				PRODUCT_NAME = "$(TARGET_NAME)";
				SWIFT_VERSION = 3.0;
				TEST_HOST = "$(BUILT_PRODUCTS_DIR)/tictactoe.app/tictactoe";
			};
			name = Debug;
		};
		DAF98DB520D10B5C0030A664 /* Release */ = {
			isa = XCBuildConfiguration;
			buildSettings = {
				ALWAYS_EMBED_SWIFT_STANDARD_LIBRARIES = YES;
				BUNDLE_LOADER = "$(TEST_HOST)";
				INFOPLIST_FILE = tictactoeTests/Info.plist;
				LD_RUNPATH_SEARCH_PATHS = "$(inherited) @executable_path/Frameworks @loader_path/Frameworks";
				PRODUCT_BUNDLE_IDENTIFIER = tictactoe.tictactoeTests;
				PRODUCT_NAME = "$(TARGET_NAME)";
				SWIFT_VERSION = 3.0;
				TEST_HOST = "$(BUILT_PRODUCTS_DIR)/tictactoe.app/tictactoe";
			};
			name = Release;
		};
		DAF98DB720D10B5C0030A664 /* Debug */ = {
			isa = XCBuildConfiguration;
			buildSettings = {
				ALWAYS_EMBED_SWIFT_STANDARD_LIBRARIES = YES;
				INFOPLIST_FILE = tictactoeUITests/Info.plist;
				LD_RUNPATH_SEARCH_PATHS = "$(inherited) @executable_path/Frameworks @loader_path/Frameworks";
				PRODUCT_BUNDLE_IDENTIFIER = tictactoe.tictactoeUITests;
				PRODUCT_NAME = "$(TARGET_NAME)";
				SWIFT_VERSION = 3.0;
				TEST_TARGET_NAME = tictactoe;
			};
			name = Debug;
		};
		DAF98DB820D10B5C0030A664 /* Release */ = {
			isa = XCBuildConfiguration;
			buildSettings = {
				ALWAYS_EMBED_SWIFT_STANDARD_LIBRARIES = YES;
				INFOPLIST_FILE = tictactoeUITests/Info.plist;
				LD_RUNPATH_SEARCH_PATHS = "$(inherited) @executable_path/Frameworks @loader_path/Frameworks";
				PRODUCT_BUNDLE_IDENTIFIER = tictactoe.tictactoeUITests;
				PRODUCT_NAME = "$(TARGET_NAME)";
				SWIFT_VERSION = 3.0;
				TEST_TARGET_NAME = tictactoe;
			};
			name = Release;
		};
/* End XCBuildConfiguration section */

/* Begin XCConfigurationList section */
		DAF98D8320D10B5C0030A664 /* Build configuration list for PBXProject "tictactoe" */ = {
			isa = XCConfigurationList;
			buildConfigurations = (
				DAF98DAE20D10B5C0030A664 /* Debug */,
				DAF98DAF20D10B5C0030A664 /* Release */,
			);
			defaultConfigurationIsVisible = 0;
			defaultConfigurationName = Release;
		};
		DAF98DB020D10B5C0030A664 /* Build configuration list for PBXNativeTarget "tictactoe" */ = {
			isa = XCConfigurationList;
			buildConfigurations = (
				DAF98DB120D10B5C0030A664 /* Debug */,
				DAF98DB220D10B5C0030A664 /* Release */,
			);
			defaultConfigurationIsVisible = 0;
			defaultConfigurationName = Release;
		};
		DAF98DB320D10B5C0030A664 /* Build configuration list for PBXNativeTarget "tictactoeTests" */ = {
			isa = XCConfigurationList;
			buildConfigurations = (
				DAF98DB420D10B5C0030A664 /* Debug */,
				DAF98DB520D10B5C0030A664 /* Release */,
			);
			defaultConfigurationIsVisible = 0;
			defaultConfigurationName = Release;
		};
		DAF98DB620D10B5C0030A664 /* Build configuration list for PBXNativeTarget "tictactoeUITests" */ = {
			isa = XCConfigurationList;
			buildConfigurations = (
				DAF98DB720D10B5C0030A664 /* Debug */,
				DAF98DB820D10B5C0030A664 /* Release */,
			);
			defaultConfigurationIsVisible = 0;
			defaultConfigurationName = Release;
		};
/* End XCConfigurationList section */
	};
	rootObject = DAF98D8020D10B5C0030A664 /* Project object */;
}
